// !$*UTF8*$!
{
	archiveVersion = 1;
	classes = {
	};
	objectVersion = 55;
	objects = {

/* Begin PBXBuildFile section */
		3B271E5827922C5E00BF7C4C /* AppDelegate.swift in Sources */ = {isa = PBXBuildFile; fileRef = 3B271E5727922C5E00BF7C4C /* AppDelegate.swift */; };
		3B271E5A27922C5E00BF7C4C /* SceneDelegate.swift in Sources */ = {isa = PBXBuildFile; fileRef = 3B271E5927922C5E00BF7C4C /* SceneDelegate.swift */; };
		3B271E5F27922C5E00BF7C4C /* Main.storyboard in Resources */ = {isa = PBXBuildFile; fileRef = 3B271E5D27922C5E00BF7C4C /* Main.storyboard */; };
		3B271E6127922C6500BF7C4C /* Assets.xcassets in Resources */ = {isa = PBXBuildFile; fileRef = 3B271E6027922C6500BF7C4C /* Assets.xcassets */; };
		3B271E6427922C6500BF7C4C /* LaunchScreen.storyboard in Resources */ = {isa = PBXBuildFile; fileRef = 3B271E6227922C6500BF7C4C /* LaunchScreen.storyboard */; };
		3B271E702792333000BF7C4C /* Song.swift in Sources */ = {isa = PBXBuildFile; fileRef = 3B271E6F2792333000BF7C4C /* Song.swift */; };
		3B271E722792386000BF7C4C /* SongController.swift in Sources */ = {isa = PBXBuildFile; fileRef = 3B271E712792386000BF7C4C /* SongController.swift */; };
		3B271E7427923ADD00BF7C4C /* SongTableViewController.swift in Sources */ = {isa = PBXBuildFile; fileRef = 3B271E7327923ADD00BF7C4C /* SongTableViewController.swift */; };
		3B8EDFE327933FE500A698E1 /* Playlist.swift in Sources */ = {isa = PBXBuildFile; fileRef = 3B8EDFE227933FE500A698E1 /* Playlist.swift */; };
		3B8EDFE5279340E000A698E1 /* PlaylistController.swift in Sources */ = {isa = PBXBuildFile; fileRef = 3B8EDFE4279340E000A698E1 /* PlaylistController.swift */; };
		3B8EDFE727934B8F00A698E1 /* PlaylistViewController.swift in Sources */ = {isa = PBXBuildFile; fileRef = 3B8EDFE627934B8F00A698E1 /* PlaylistViewController.swift */; };
/* End PBXBuildFile section */

/* Begin PBXFileReference section */
		3B271E5427922C5E00BF7C4C /* PlayList.app */ = {isa = PBXFileReference; explicitFileType = wrapper.application; includeInIndex = 0; path = PlayList.app; sourceTree = BUILT_PRODUCTS_DIR; };
		3B271E5727922C5E00BF7C4C /* AppDelegate.swift */ = {isa = PBXFileReference; lastKnownFileType = sourcecode.swift; path = AppDelegate.swift; sourceTree = "<group>"; };
		3B271E5927922C5E00BF7C4C /* SceneDelegate.swift */ = {isa = PBXFileReference; lastKnownFileType = sourcecode.swift; path = SceneDelegate.swift; sourceTree = "<group>"; };
		3B271E5E27922C5E00BF7C4C /* Base */ = {isa = PBXFileReference; lastKnownFileType = file.storyboard; name = Base; path = Base.lproj/Main.storyboard; sourceTree = "<group>"; };
		3B271E6027922C6500BF7C4C /* Assets.xcassets */ = {isa = PBXFileReference; lastKnownFileType = folder.assetcatalog; path = Assets.xcassets; sourceTree = "<group>"; };
		3B271E6327922C6500BF7C4C /* Base */ = {isa = PBXFileReference; lastKnownFileType = file.storyboard; name = Base; path = Base.lproj/LaunchScreen.storyboard; sourceTree = "<group>"; };
		3B271E6527922C6500BF7C4C /* Info.plist */ = {isa = PBXFileReference; lastKnownFileType = text.plist.xml; path = Info.plist; sourceTree = "<group>"; };
		3B271E6F2792333000BF7C4C /* Song.swift */ = {isa = PBXFileReference; lastKnownFileType = sourcecode.swift; path = Song.swift; sourceTree = "<group>"; };
		3B271E712792386000BF7C4C /* SongController.swift */ = {isa = PBXFileReference; lastKnownFileType = sourcecode.swift; path = SongController.swift; sourceTree = "<group>"; };
		3B271E7327923ADD00BF7C4C /* SongTableViewController.swift */ = {isa = PBXFileReference; lastKnownFileType = sourcecode.swift; path = SongTableViewController.swift; sourceTree = "<group>"; };
		3B8EDFE227933FE500A698E1 /* Playlist.swift */ = {isa = PBXFileReference; lastKnownFileType = sourcecode.swift; path = Playlist.swift; sourceTree = "<group>"; };
		3B8EDFE4279340E000A698E1 /* PlaylistController.swift */ = {isa = PBXFileReference; lastKnownFileType = sourcecode.swift; path = PlaylistController.swift; sourceTree = "<group>"; };
		3B8EDFE627934B8F00A698E1 /* PlaylistViewController.swift */ = {isa = PBXFileReference; lastKnownFileType = sourcecode.swift; path = PlaylistViewController.swift; sourceTree = "<group>"; };
/* End PBXFileReference section */

/* Begin PBXFrameworksBuildPhase section */
		3B271E5127922C5E00BF7C4C /* Frameworks */ = {
			isa = PBXFrameworksBuildPhase;
			buildActionMask = 2147483647;
			files = (
			);
			runOnlyForDeploymentPostprocessing = 0;
		};
/* End PBXFrameworksBuildPhase section */

/* Begin PBXGroup section */
		3B271E4B27922C5E00BF7C4C = {
			isa = PBXGroup;
			children = (
				3B271E5627922C5E00BF7C4C /* PlayList */,
				3B271E5527922C5E00BF7C4C /* Products */,
			);
			sourceTree = "<group>";
		};
		3B271E5527922C5E00BF7C4C /* Products */ = {
			isa = PBXGroup;
			children = (
				3B271E5427922C5E00BF7C4C /* PlayList.app */,
			);
			name = Products;
			sourceTree = "<group>";
		};
		3B271E5627922C5E00BF7C4C /* PlayList */ = {
			isa = PBXGroup;
			children = (
				3B271E6E2792330300BF7C4C /* Controller */,
				3B271E6D279232FB00BF7C4C /* Model */,
				3B271E6C27922CF900BF7C4C /* Resources */,
				3B271E6B27922CDE00BF7C4C /* View */,
				3B271E7527923AE900BF7C4C /* ViewController */,
			);
			path = PlayList;
			sourceTree = "<group>";
		};
		3B271E6B27922CDE00BF7C4C /* View */ = {
			isa = PBXGroup;
			children = (
				3B271E5D27922C5E00BF7C4C /* Main.storyboard */,
				3B271E6227922C6500BF7C4C /* LaunchScreen.storyboard */,
			);
			path = View;
			sourceTree = "<group>";
		};
		3B271E6C27922CF900BF7C4C /* Resources */ = {
			isa = PBXGroup;
			children = (
				3B271E5727922C5E00BF7C4C /* AppDelegate.swift */,
				3B271E5927922C5E00BF7C4C /* SceneDelegate.swift */,
				3B271E6027922C6500BF7C4C /* Assets.xcassets */,
				3B271E6527922C6500BF7C4C /* Info.plist */,
			);
			path = Resources;
			sourceTree = "<group>";
		};
		3B271E6D279232FB00BF7C4C /* Model */ = {
			isa = PBXGroup;
			children = (
				3B271E6F2792333000BF7C4C /* Song.swift */,
				3B8EDFE227933FE500A698E1 /* Playlist.swift */,
			);
			path = Model;
			sourceTree = "<group>";
		};
		3B271E6E2792330300BF7C4C /* Controller */ = {
			isa = PBXGroup;
			children = (
				3B271E712792386000BF7C4C /* SongController.swift */,
				3B8EDFE4279340E000A698E1 /* PlaylistController.swift */,
			);
			path = Controller;
			sourceTree = "<group>";
		};
		3B271E7527923AE900BF7C4C /* ViewController */ = {
			isa = PBXGroup;
			children = (
				3B271E7327923ADD00BF7C4C /* SongTableViewController.swift */,
				3B8EDFE627934B8F00A698E1 /* PlaylistViewController.swift */,
			);
			path = ViewController;
			sourceTree = "<group>";
		};
/* End PBXGroup section */

/* Begin PBXNativeTarget section */
		3B271E5327922C5E00BF7C4C /* PlayList */ = {
			isa = PBXNativeTarget;
			buildConfigurationList = 3B271E6827922C6500BF7C4C /* Build configuration list for PBXNativeTarget "PlayList" */;
			buildPhases = (
				3B271E5027922C5E00BF7C4C /* Sources */,
				3B271E5127922C5E00BF7C4C /* Frameworks */,
				3B271E5227922C5E00BF7C4C /* Resources */,
			);
			buildRules = (
			);
			dependencies = (
			);
			name = PlayList;
			productName = PlayList;
			productReference = 3B271E5427922C5E00BF7C4C /* PlayList.app */;
			productType = "com.apple.product-type.application";
		};
/* End PBXNativeTarget section */

/* Begin PBXProject section */
		3B271E4C27922C5E00BF7C4C /* Project object */ = {
			isa = PBXProject;
			attributes = {
				BuildIndependentTargetsInParallel = 1;
				LastSwiftUpdateCheck = 1320;
				LastUpgradeCheck = 1320;
				TargetAttributes = {
					3B271E5327922C5E00BF7C4C = {
						CreatedOnToolsVersion = 13.2.1;
					};
				};
			};
			buildConfigurationList = 3B271E4F27922C5E00BF7C4C /* Build configuration list for PBXProject "PlayList" */;
			compatibilityVersion = "Xcode 13.0";
			developmentRegion = en;
			hasScannedForEncodings = 0;
			knownRegions = (
				en,
				Base,
			);
			mainGroup = 3B271E4B27922C5E00BF7C4C;
			productRefGroup = 3B271E5527922C5E00BF7C4C /* Products */;
			projectDirPath = "";
			projectRoot = "";
			targets = (
				3B271E5327922C5E00BF7C4C /* PlayList */,
			);
		};
/* End PBXProject section */

/* Begin PBXResourcesBuildPhase section */
		3B271E5227922C5E00BF7C4C /* Resources */ = {
			isa = PBXResourcesBuildPhase;
			buildActionMask = 2147483647;
			files = (
				3B271E6427922C6500BF7C4C /* LaunchScreen.storyboard in Resources */,
				3B271E6127922C6500BF7C4C /* Assets.xcassets in Resources */,
				3B271E5F27922C5E00BF7C4C /* Main.storyboard in Resources */,
			);
			runOnlyForDeploymentPostprocessing = 0;
		};
/* End PBXResourcesBuildPhase section */

/* Begin PBXSourcesBuildPhase section */
		3B271E5027922C5E00BF7C4C /* Sources */ = {
			isa = PBXSourcesBuildPhase;
			buildActionMask = 2147483647;
			files = (
				3B8EDFE727934B8F00A698E1 /* PlaylistViewController.swift in Sources */,
				3B271E7427923ADD00BF7C4C /* SongTableViewController.swift in Sources */,
				3B271E702792333000BF7C4C /* Song.swift in Sources */,
				3B271E5827922C5E00BF7C4C /* AppDelegate.swift in Sources */,
				3B271E722792386000BF7C4C /* SongController.swift in Sources */,
				3B271E5A27922C5E00BF7C4C /* SceneDelegate.swift in Sources */,
				3B8EDFE327933FE500A698E1 /* Playlist.swift in Sources */,
				3B8EDFE5279340E000A698E1 /* PlaylistController.swift in Sources */,
			);
			runOnlyForDeploymentPostprocessing = 0;
		};
/* End PBXSourcesBuildPhase section */

/* Begin PBXVariantGroup section */
		3B271E5D27922C5E00BF7C4C /* Main.storyboard */ = {
			isa = PBXVariantGroup;
			children = (
				3B271E5E27922C5E00BF7C4C /* Base */,
			);
			name = Main.storyboard;
			sourceTree = "<group>";
		};
		3B271E6227922C6500BF7C4C /* LaunchScreen.storyboard */ = {
			isa = PBXVariantGroup;
			children = (
				3B271E6327922C6500BF7C4C /* Base */,
			);
			name = LaunchScreen.storyboard;
			sourceTree = "<group>";
		};
/* End PBXVariantGroup section */

/* Begin XCBuildConfiguration section */
		3B271E6627922C6500BF7C4C /* Debug */ = {
			isa = XCBuildConfiguration;
			buildSettings = {
				ALWAYS_SEARCH_USER_PATHS = NO;
				CLANG_ANALYZER_NONNULL = YES;
				CLANG_ANALYZER_NUMBER_OBJECT_CONVERSION = YES_AGGRESSIVE;
				CLANG_CXX_LANGUAGE_STANDARD = "gnu++17";
				CLANG_CXX_LIBRARY = "libc++";
				CLANG_ENABLE_MODULES = YES;
				CLANG_ENABLE_OBJC_ARC = YES;
				CLANG_ENABLE_OBJC_WEAK = YES;
				CLANG_WARN_BLOCK_CAPTURE_AUTORELEASING = YES;
				CLANG_WARN_BOOL_CONVERSION = YES;
				CLANG_WARN_COMMA = YES;
				CLANG_WARN_CONSTANT_CONVERSION = YES;
				CLANG_WARN_DEPRECATED_OBJC_IMPLEMENTATIONS = YES;
				CLANG_WARN_DIRECT_OBJC_ISA_USAGE = YES_ERROR;
				CLANG_WARN_DOCUMENTATION_COMMENTS = YES;
				CLANG_WARN_EMPTY_BODY = YES;
				CLANG_WARN_ENUM_CONVERSION = YES;
				CLANG_WARN_INFINITE_RECURSION = YES;
				CLANG_WARN_INT_CONVERSION = YES;
				CLANG_WARN_NON_LITERAL_NULL_CONVERSION = YES;
				CLANG_WARN_OBJC_IMPLICIT_RETAIN_SELF = YES;
				CLANG_WARN_OBJC_LITERAL_CONVERSION = YES;
				CLANG_WARN_OBJC_ROOT_CLASS = YES_ERROR;
				CLANG_WARN_QUOTED_INCLUDE_IN_FRAMEWORK_HEADER = YES;
				CLANG_WARN_RANGE_LOOP_ANALYSIS = YES;
				CLANG_WARN_STRICT_PROTOTYPES = YES;
				CLANG_WARN_SUSPICIOUS_MOVE = YES;
				CLANG_WARN_UNGUARDED_AVAILABILITY = YES_AGGRESSIVE;
				CLANG_WARN_UNREACHABLE_CODE = YES;
				CLANG_WARN__DUPLICATE_METHOD_MATCH = YES;
				COPY_PHASE_STRIP = NO;
				DEBUG_INFORMATION_FORMAT = dwarf;
				ENABLE_STRICT_OBJC_MSGSEND = YES;
				ENABLE_TESTABILITY = YES;
				GCC_C_LANGUAGE_STANDARD = gnu11;
				GCC_DYNAMIC_NO_PIC = NO;
				GCC_NO_COMMON_BLOCKS = YES;
				GCC_OPTIMIZATION_LEVEL = 0;
				GCC_PREPROCESSOR_DEFINITIONS = (
					"DEBUG=1",
					"$(inherited)",
				);
				GCC_WARN_64_TO_32_BIT_CONVERSION = YES;
				GCC_WARN_ABOUT_RETURN_TYPE = YES_ERROR;
				GCC_WARN_UNDECLARED_SELECTOR = YES;
				GCC_WARN_UNINITIALIZED_AUTOS = YES_AGGRESSIVE;
				GCC_WARN_UNUSED_FUNCTION = YES;
				GCC_WARN_UNUSED_VARIABLE = YES;
				IPHONEOS_DEPLOYMENT_TARGET = 15.2;
				MTL_ENABLE_DEBUG_INFO = INCLUDE_SOURCE;
				MTL_FAST_MATH = YES;
				ONLY_ACTIVE_ARCH = YES;
				SDKROOT = iphoneos;
				SWIFT_ACTIVE_COMPILATION_CONDITIONS = DEBUG;
				SWIFT_OPTIMIZATION_LEVEL = "-Onone";
			};
			name = Debug;
		};
		3B271E6727922C6500BF7C4C /* Release */ = {
			isa = XCBuildConfiguration;
			buildSettings = {
				ALWAYS_SEARCH_USER_PATHS = NO;
				CLANG_ANALYZER_NONNULL = YES;
				CLANG_ANALYZER_NUMBER_OBJECT_CONVERSION = YES_AGGRESSIVE;
				CLANG_CXX_LANGUAGE_STANDARD = "gnu++17";
				CLANG_CXX_LIBRARY = "libc++";
				CLANG_ENABLE_MODULES = YES;
				CLANG_ENABLE_OBJC_ARC = YES;
				CLANG_ENABLE_OBJC_WEAK = YES;
				CLANG_WARN_BLOCK_CAPTURE_AUTORELEASING = YES;
				CLANG_WARN_BOOL_CONVERSION = YES;
				CLANG_WARN_COMMA = YES;
				CLANG_WARN_CONSTANT_CONVERSION = YES;
				CLANG_WARN_DEPRECATED_OBJC_IMPLEMENTATIONS = YES;
				CLANG_WARN_DIRECT_OBJC_ISA_USAGE = YES_ERROR;
				CLANG_WARN_DOCUMENTATION_COMMENTS = YES;
				CLANG_WARN_EMPTY_BODY = YES;
				CLANG_WARN_ENUM_CONVERSION = YES;
				CLANG_WARN_INFINITE_RECURSION = YES;
				CLANG_WARN_INT_CONVERSION = YES;
				CLANG_WARN_NON_LITERAL_NULL_CONVERSION = YES;
				CLANG_WARN_OBJC_IMPLICIT_RETAIN_SELF = YES;
				CLANG_WARN_OBJC_LITERAL_CONVERSION = YES;
				CLANG_WARN_OBJC_ROOT_CLASS = YES_ERROR;
				CLANG_WARN_QUOTED_INCLUDE_IN_FRAMEWORK_HEADER = YES;
				CLANG_WARN_RANGE_LOOP_ANALYSIS = YES;
				CLANG_WARN_STRICT_PROTOTYPES = YES;
				CLANG_WARN_SUSPICIOUS_MOVE = YES;
				CLANG_WARN_UNGUARDED_AVAILABILITY = YES_AGGRESSIVE;
				CLANG_WARN_UNREACHABLE_CODE = YES;
				CLANG_WARN__DUPLICATE_METHOD_MATCH = YES;
				COPY_PHASE_STRIP = NO;
				DEBUG_INFORMATION_FORMAT = "dwarf-with-dsym";
				ENABLE_NS_ASSERTIONS = NO;
				ENABLE_STRICT_OBJC_MSGSEND = YES;
				GCC_C_LANGUAGE_STANDARD = gnu11;
				GCC_NO_COMMON_BLOCKS = YES;
				GCC_WARN_64_TO_32_BIT_CONVERSION = YES;
				GCC_WARN_ABOUT_RETURN_TYPE = YES_ERROR;
				GCC_WARN_UNDECLARED_SELECTOR = YES;
				GCC_WARN_UNINITIALIZED_AUTOS = YES_AGGRESSIVE;
				GCC_WARN_UNUSED_FUNCTION = YES;
				GCC_WARN_UNUSED_VARIABLE = YES;
				IPHONEOS_DEPLOYMENT_TARGET = 15.2;
				MTL_ENABLE_DEBUG_INFO = NO;
				MTL_FAST_MATH = YES;
				SDKROOT = iphoneos;
				SWIFT_COMPILATION_MODE = wholemodule;
				SWIFT_OPTIMIZATION_LEVEL = "-O";
				VALIDATE_PRODUCT = YES;
			};
			name = Release;
		};
		3B271E6927922C6500BF7C4C /* Debug */ = {
			isa = XCBuildConfiguration;
			buildSettings = {
				ASSETCATALOG_COMPILER_APPICON_NAME = AppIcon;
				ASSETCATALOG_COMPILER_GLOBAL_ACCENT_COLOR_NAME = AccentColor;
				CODE_SIGN_STYLE = Automatic;
				CURRENT_PROJECT_VERSION = 1;
				DEVELOPMENT_TEAM = G3VP62JDQQ;
				GENERATE_INFOPLIST_FILE = YES;
				INFOPLIST_FILE = PlayList/Resources/Info.plist;
				INFOPLIST_KEY_UIApplicationSupportsIndirectInputEvents = YES;
				INFOPLIST_KEY_UILaunchStoryboardName = LaunchScreen;
				INFOPLIST_KEY_UIMainStoryboardFile = Main;
				INFOPLIST_KEY_UISupportedInterfaceOrientations_iPad = "UIInterfaceOrientationPortrait UIInterfaceOrientationPortraitUpsideDown UIInterfaceOrientationLandscapeLeft UIInterfaceOrientationLandscapeRight";
				INFOPLIST_KEY_UISupportedInterfaceOrientations_iPhone = "UIInterfaceOrientationPortrait UIInterfaceOrientationLandscapeLeft UIInterfaceOrientationLandscapeRight";
				LD_RUNPATH_SEARCH_PATHS = (
					"$(inherited)",
					"@executable_path/Frameworks",
				);
				MARKETING_VERSION = 1.0;
				PRODUCT_BUNDLE_IDENTIFIER = "com.mitya-kim.PlayList";
				PRODUCT_NAME = "$(TARGET_NAME)";
				SWIFT_EMIT_LOC_STRINGS = YES;
				SWIFT_VERSION = 5.0;
				TARGETED_DEVICE_FAMILY = "1,2";
			};
			name = Debug;
		};
		3B271E6A27922C6500BF7C4C /* Release */ = {
			isa = XCBuildConfiguration;
			buildSettings = {
				ASSETCATALOG_COMPILER_APPICON_NAME = AppIcon;
				ASSETCATALOG_COMPILER_GLOBAL_ACCENT_COLOR_NAME = AccentColor;
				CODE_SIGN_STYLE = Automatic;
				CURRENT_PROJECT_VERSION = 1;
				DEVELOPMENT_TEAM = G3VP62JDQQ;
				GENERATE_INFOPLIST_FILE = YES;
				INFOPLIST_FILE = PlayList/Resources/Info.plist;
				INFOPLIST_KEY_UIApplicationSupportsIndirectInputEvents = YES;
				INFOPLIST_KEY_UILaunchStoryboardName = LaunchScreen;
				INFOPLIST_KEY_UIMainStoryboardFile = Main;
				INFOPLIST_KEY_UISupportedInterfaceOrientations_iPad = "UIInterfaceOrientationPortrait UIInterfaceOrientationPortraitUpsideDown UIInterfaceOrientationLandscapeLeft UIInterfaceOrientationLandscapeRight";
				INFOPLIST_KEY_UISupportedInterfaceOrientations_iPhone = "UIInterfaceOrientationPortrait UIInterfaceOrientationLandscapeLeft UIInterfaceOrientationLandscapeRight";
				LD_RUNPATH_SEARCH_PATHS = (
					"$(inherited)",
					"@executable_path/Frameworks",
				);
				MARKETING_VERSION = 1.0;
				PRODUCT_BUNDLE_IDENTIFIER = "com.mitya-kim.PlayList";
				PRODUCT_NAME = "$(TARGET_NAME)";
				SWIFT_EMIT_LOC_STRINGS = YES;
				SWIFT_VERSION = 5.0;
				TARGETED_DEVICE_FAMILY = "1,2";
			};
			name = Release;
		};
/* End XCBuildConfiguration section */

/* Begin XCConfigurationList section */
		3B271E4F27922C5E00BF7C4C /* Build configuration list for PBXProject "PlayList" */ = {
			isa = XCConfigurationList;
			buildConfigurations = (
				3B271E6627922C6500BF7C4C /* Debug */,
				3B271E6727922C6500BF7C4C /* Release */,
			);
			defaultConfigurationIsVisible = 0;
			defaultConfigurationName = Release;
		};
		3B271E6827922C6500BF7C4C /* Build configuration list for PBXNativeTarget "PlayList" */ = {
			isa = XCConfigurationList;
			buildConfigurations = (
				3B271E6927922C6500BF7C4C /* Debug */,
				3B271E6A27922C6500BF7C4C /* Release */,
			);
			defaultConfigurationIsVisible = 0;
			defaultConfigurationName = Release;
		};
/* End XCConfigurationList section */
	};
	rootObject = 3B271E4C27922C5E00BF7C4C /* Project object */;
}
